
Microsoft Visual Studio Solution File, Format Version 12.00
Project("{FAE04EC0-301F-11D3-BF4B-00C04F79EFBC}") = "htmx-examples", "htmx-examples.csproj", "{4465B046-DACF-4866-8F02-B3210152B4BC}"
EndProject
Global
	GlobalSection(SolutionConfigurationPlatforms) = preSolution
		Debug|Any CPU = Debug|Any CPU
		Release|Any CPU = Release|Any CPU
	EndGlobalSection
	GlobalSection(ProjectConfigurationPlatforms) = postSolution
		{4465B046-DACF-4866-8F02-B3210152B4BC}.Debug|Any CPU.ActiveCfg = Debug|Any CPU
		{4465B046-DACF-4866-8F02-B3210152B4BC}.Debug|Any CPU.Build.0 = Debug|Any CPU
		{4465B046-DACF-4866-8F02-B3210152B4BC}.Release|Any CPU.ActiveCfg = Release|Any CPU
		{4465B046-DACF-4866-8F02-B3210152B4BC}.Release|Any CPU.Build.0 = Release|Any CPU
	EndGlobalSection
EndGlobal
